// !$*UTF8*$!
{
	archiveVersion = 1;
	classes = {
	};
	objectVersion = 46;
	objects = {

/* Begin PBXBuildFile section */
		3E74CEE31E1EFDDE002D68ED /* AppDelegate.swift in Sources */ = {isa = PBXBuildFile; fileRef = 3E74CEE21E1EFDDE002D68ED /* AppDelegate.swift */; };
		3E74CEE51E1EFDDE002D68ED /* ViewController.swift in Sources */ = {isa = PBXBuildFile; fileRef = 3E74CEE41E1EFDDE002D68ED /* ViewController.swift */; };
		3E74CEE81E1EFDDE002D68ED /* Main.storyboard in Resources */ = {isa = PBXBuildFile; fileRef = 3E74CEE61E1EFDDE002D68ED /* Main.storyboard */; };
		3E74CEEA1E1EFDDE002D68ED /* Assets.xcassets in Resources */ = {isa = PBXBuildFile; fileRef = 3E74CEE91E1EFDDE002D68ED /* Assets.xcassets */; };
		3E74CEED1E1EFDDE002D68ED /* LaunchScreen.storyboard in Resources */ = {isa = PBXBuildFile; fileRef = 3E74CEEB1E1EFDDE002D68ED /* LaunchScreen.storyboard */; };
		3E74CEF81E1EFDDE002D68ED /* CalculatorTests.swift in Sources */ = {isa = PBXBuildFile; fileRef = 3E74CEF71E1EFDDE002D68ED /* CalculatorTests.swift */; };
		3E9F025B1E25393700F8F83A /* CalculatorBrain.swift in Sources */ = {isa = PBXBuildFile; fileRef = 3E9F025A1E25393700F8F83A /* CalculatorBrain.swift */; };
/* End PBXBuildFile section */

/* Begin PBXContainerItemProxy section */
		3E74CEF41E1EFDDE002D68ED /* PBXContainerItemProxy */ = {
			isa = PBXContainerItemProxy;
			containerPortal = 3E74CED71E1EFDDE002D68ED /* Project object */;
			proxyType = 1;
			remoteGlobalIDString = 3E74CEDE1E1EFDDE002D68ED;
			remoteInfo = Calculator;
		};
/* End PBXContainerItemProxy section */

/* Begin PBXFileReference section */
		3E74CEDF1E1EFDDE002D68ED /* Calculator.app */ = {isa = PBXFileReference; explicitFileType = wrapper.application; includeInIndex = 0; path = Calculator.app; sourceTree = BUILT_PRODUCTS_DIR; };
		3E74CEE21E1EFDDE002D68ED /* AppDelegate.swift */ = {isa = PBXFileReference; lastKnownFileType = sourcecode.swift; path = AppDelegate.swift; sourceTree = "<group>"; };
		3E74CEE41E1EFDDE002D68ED /* ViewController.swift */ = {isa = PBXFileReference; lastKnownFileType = sourcecode.swift; path = ViewController.swift; sourceTree = "<group>"; };
		3E74CEE71E1EFDDE002D68ED /* Base */ = {isa = PBXFileReference; lastKnownFileType = file.storyboard; name = Base; path = Base.lproj/Main.storyboard; sourceTree = "<group>"; };
		3E74CEE91E1EFDDE002D68ED /* Assets.xcassets */ = {isa = PBXFileReference; lastKnownFileType = folder.assetcatalog; path = Assets.xcassets; sourceTree = "<group>"; };
		3E74CEEC1E1EFDDE002D68ED /* Base */ = {isa = PBXFileReference; lastKnownFileType = file.storyboard; name = Base; path = Base.lproj/LaunchScreen.storyboard; sourceTree = "<group>"; };
		3E74CEEE1E1EFDDE002D68ED /* Info.plist */ = {isa = PBXFileReference; lastKnownFileType = text.plist.xml; path = Info.plist; sourceTree = "<group>"; };
		3E74CEF31E1EFDDE002D68ED /* CalculatorTests.xctest */ = {isa = PBXFileReference; explicitFileType = wrapper.cfbundle; includeInIndex = 0; path = CalculatorTests.xctest; sourceTree = BUILT_PRODUCTS_DIR; };
		3E74CEF71E1EFDDE002D68ED /* CalculatorTests.swift */ = {isa = PBXFileReference; lastKnownFileType = sourcecode.swift; path = CalculatorTests.swift; sourceTree = "<group>"; };
		3E74CEF91E1EFDDE002D68ED /* Info.plist */ = {isa = PBXFileReference; lastKnownFileType = text.plist.xml; path = Info.plist; sourceTree = "<group>"; };
		3E9F025A1E25393700F8F83A /* CalculatorBrain.swift */ = {isa = PBXFileReference; fileEncoding = 4; lastKnownFileType = sourcecode.swift; path = CalculatorBrain.swift; sourceTree = "<group>"; };
/* End PBXFileReference section */

/* Begin PBXFrameworksBuildPhase section */
		3E74CEDC1E1EFDDE002D68ED /* Frameworks */ = {
			isa = PBXFrameworksBuildPhase;
			buildActionMask = 2147483647;
			files = (
			);
			runOnlyForDeploymentPostprocessing = 0;
		};
		3E74CEF01E1EFDDE002D68ED /* Frameworks */ = {
			isa = PBXFrameworksBuildPhase;
			buildActionMask = 2147483647;
			files = (
			);
			runOnlyForDeploymentPostprocessing = 0;
		};
/* End PBXFrameworksBuildPhase section */

/* Begin PBXGroup section */
		3E74CED61E1EFDDE002D68ED = {
			isa = PBXGroup;
			children = (
				3E74CEE11E1EFDDE002D68ED /* Calculator */,
				3E74CEF61E1EFDDE002D68ED /* CalculatorTests */,
				3E74CEE01E1EFDDE002D68ED /* Products */,
			);
			sourceTree = "<group>";
		};
		3E74CEE01E1EFDDE002D68ED /* Products */ = {
			isa = PBXGroup;
			children = (
				3E74CEDF1E1EFDDE002D68ED /* Calculator.app */,
				3E74CEF31E1EFDDE002D68ED /* CalculatorTests.xctest */,
			);
			name = Products;
			sourceTree = "<group>";
		};
		3E74CEE11E1EFDDE002D68ED /* Calculator */ = {
			isa = PBXGroup;
			children = (
				3E74CEE41E1EFDDE002D68ED /* ViewController.swift */,
				3E74CEE61E1EFDDE002D68ED /* Main.storyboard */,
				3E9F025A1E25393700F8F83A /* CalculatorBrain.swift */,
				3E74CF021E1EFE2D002D68ED /* Supporting Files */,
			);
			path = Calculator;
			sourceTree = "<group>";
		};
		3E74CEF61E1EFDDE002D68ED /* CalculatorTests */ = {
			isa = PBXGroup;
			children = (
				3E74CEF71E1EFDDE002D68ED /* CalculatorTests.swift */,
				3E74CEF91E1EFDDE002D68ED /* Info.plist */,
			);
			path = CalculatorTests;
			sourceTree = "<group>";
		};
		3E74CF021E1EFE2D002D68ED /* Supporting Files */ = {
			isa = PBXGroup;
			children = (
				3E74CEE21E1EFDDE002D68ED /* AppDelegate.swift */,
				3E74CEE91E1EFDDE002D68ED /* Assets.xcassets */,
				3E74CEEB1E1EFDDE002D68ED /* LaunchScreen.storyboard */,
				3E74CEEE1E1EFDDE002D68ED /* Info.plist */,
			);
			name = "Supporting Files";
			sourceTree = "<group>";
		};
/* End PBXGroup section */

/* Begin PBXNativeTarget section */
		3E74CEDE1E1EFDDE002D68ED /* Calculator */ = {
			isa = PBXNativeTarget;
			buildConfigurationList = 3E74CEFC1E1EFDDE002D68ED /* Build configuration list for PBXNativeTarget "Calculator" */;
			buildPhases = (
				3E74CEDB1E1EFDDE002D68ED /* Sources */,
				3E74CEDC1E1EFDDE002D68ED /* Frameworks */,
				3E74CEDD1E1EFDDE002D68ED /* Resources */,
			);
			buildRules = (
			);
			dependencies = (
			);
			name = Calculator;
			productName = Calculator;
			productReference = 3E74CEDF1E1EFDDE002D68ED /* Calculator.app */;
			productType = "com.apple.product-type.application";
		};
		3E74CEF21E1EFDDE002D68ED /* CalculatorTests */ = {
			isa = PBXNativeTarget;
			buildConfigurationList = 3E74CEFF1E1EFDDE002D68ED /* Build configuration list for PBXNativeTarget "CalculatorTests" */;
			buildPhases = (
				3E74CEEF1E1EFDDE002D68ED /* Sources */,
				3E74CEF01E1EFDDE002D68ED /* Frameworks */,
				3E74CEF11E1EFDDE002D68ED /* Resources */,
			);
			buildRules = (
			);
			dependencies = (
				3E74CEF51E1EFDDE002D68ED /* PBXTargetDependency */,
			);
			name = CalculatorTests;
			productName = CalculatorTests;
			productReference = 3E74CEF31E1EFDDE002D68ED /* CalculatorTests.xctest */;
			productType = "com.apple.product-type.bundle.unit-test";
		};
/* End PBXNativeTarget section */

/* Begin PBXProject section */
		3E74CED71E1EFDDE002D68ED /* Project object */ = {
			isa = PBXProject;
			attributes = {
				LastSwiftUpdateCheck = 0730;
				LastUpgradeCheck = 0730;
				ORGANIZATIONNAME = "Ramon's";
				TargetAttributes = {
					3E74CEDE1E1EFDDE002D68ED = {
						CreatedOnToolsVersion = 7.3.1;
					};
					3E74CEF21E1EFDDE002D68ED = {
						CreatedOnToolsVersion = 7.3.1;
						TestTargetID = 3E74CEDE1E1EFDDE002D68ED;
					};
				};
			};
			buildConfigurationList = 3E74CEDA1E1EFDDE002D68ED /* Build configuration list for PBXProject "Calculator" */;
			compatibilityVersion = "Xcode 3.2";
			developmentRegion = English;
			hasScannedForEncodings = 0;
			knownRegions = (
				en,
				Base,
			);
			mainGroup = 3E74CED61E1EFDDE002D68ED;
			productRefGroup = 3E74CEE01E1EFDDE002D68ED /* Products */;
			projectDirPath = "";
			projectRoot = "";
			targets = (
				3E74CEDE1E1EFDDE002D68ED /* Calculator */,
				3E74CEF21E1EFDDE002D68ED /* CalculatorTests */,
			);
		};
/* End PBXProject section */

/* Begin PBXResourcesBuildPhase section */
		3E74CEDD1E1EFDDE002D68ED /* Resources */ = {
			isa = PBXResourcesBuildPhase;
			buildActionMask = 2147483647;
			files = (
				3E74CEED1E1EFDDE002D68ED /* LaunchScreen.storyboard in Resources */,
				3E74CEEA1E1EFDDE002D68ED /* Assets.xcassets in Resources */,
				3E74CEE81E1EFDDE002D68ED /* Main.storyboard in Resources */,
			);
			runOnlyForDeploymentPostprocessing = 0;
		};
		3E74CEF11E1EFDDE002D68ED /* Resources */ = {
			isa = PBXResourcesBuildPhase;
			buildActionMask = 2147483647;
			files = (
			);
			runOnlyForDeploymentPostprocessing = 0;
		};
/* End PBXResourcesBuildPhase section */

/* Begin PBXSourcesBuildPhase section */
		3E74CEDB1E1EFDDE002D68ED /* Sources */ = {
			isa = PBXSourcesBuildPhase;
			buildActionMask = 2147483647;
			files = (
				3E9F025B1E25393700F8F83A /* CalculatorBrain.swift in Sources */,
				3E74CEE51E1EFDDE002D68ED /* ViewController.swift in Sources */,
				3E74CEE31E1EFDDE002D68ED /* AppDelegate.swift in Sources */,
			);
			runOnlyForDeploymentPostprocessing = 0;
		};
		3E74CEEF1E1EFDDE002D68ED /* Sources */ = {
			isa = PBXSourcesBuildPhase;
			buildActionMask = 2147483647;
			files = (
				3E74CEF81E1EFDDE002D68ED /* CalculatorTests.swift in Sources */,
			);
			runOnlyForDeploymentPostprocessing = 0;
		};
/* End PBXSourcesBuildPhase section */

/* Begin PBXTargetDependency section */
		3E74CEF51E1EFDDE002D68ED /* PBXTargetDependency */ = {
			isa = PBXTargetDependency;
			target = 3E74CEDE1E1EFDDE002D68ED /* Calculator */;
			targetProxy = 3E74CEF41E1EFDDE002D68ED /* PBXContainerItemProxy */;
		};
/* End PBXTargetDependency section */

/* Begin PBXVariantGroup section */
		3E74CEE61E1EFDDE002D68ED /* Main.storyboard */ = {
			isa = PBXVariantGroup;
			children = (
				3E74CEE71E1EFDDE002D68ED /* Base */,
			);
			name = Main.storyboard;
			sourceTree = "<group>";
		};
		3E74CEEB1E1EFDDE002D68ED /* LaunchScreen.storyboard */ = {
			isa = PBXVariantGroup;
			children = (
				3E74CEEC1E1EFDDE002D68ED /* Base */,
			);
			name = LaunchScreen.storyboard;
			sourceTree = "<group>";
		};
/* End PBXVariantGroup section */

/* Begin XCBuildConfiguration section */
		3E74CEFA1E1EFDDE002D68ED /* Debug */ = {
			isa = XCBuildConfiguration;
			buildSettings = {
				ALWAYS_SEARCH_USER_PATHS = NO;
				CLANG_ANALYZER_NONNULL = YES;
				CLANG_CXX_LANGUAGE_STANDARD = "gnu++0x";
				CLANG_CXX_LIBRARY = "libc++";
				CLANG_ENABLE_MODULES = YES;
				CLANG_ENABLE_OBJC_ARC = YES;
				CLANG_WARN_BOOL_CONVERSION = YES;
				CLANG_WARN_CONSTANT_CONVERSION = YES;
				CLANG_WARN_DIRECT_OBJC_ISA_USAGE = YES_ERROR;
				CLANG_WARN_EMPTY_BODY = YES;
				CLANG_WARN_ENUM_CONVERSION = YES;
				CLANG_WARN_INT_CONVERSION = YES;
				CLANG_WARN_OBJC_ROOT_CLASS = YES_ERROR;
				CLANG_WARN_UNREACHABLE_CODE = YES;
				CLANG_WARN__DUPLICATE_METHOD_MATCH = YES;
				"CODE_SIGN_IDENTITY[sdk=iphoneos*]" = "iPhone Developer";
				COPY_PHASE_STRIP = NO;
				DEBUG_INFORMATION_FORMAT = dwarf;
				ENABLE_STRICT_OBJC_MSGSEND = YES;
				ENABLE_TESTABILITY = YES;
				GCC_C_LANGUAGE_STANDARD = gnu99;
				GCC_DYNAMIC_NO_PIC = NO;
				GCC_NO_COMMON_BLOCKS = YES;
				GCC_OPTIMIZATION_LEVEL = 0;
				GCC_PREPROCESSOR_DEFINITIONS = (
					"DEBUG=1",
					"$(inherited)",
				);
				GCC_WARN_64_TO_32_BIT_CONVERSION = YES;
				GCC_WARN_ABOUT_RETURN_TYPE = YES_ERROR;
				GCC_WARN_UNDECLARED_SELECTOR = YES;
				GCC_WARN_UNINITIALIZED_AUTOS = YES_AGGRESSIVE;
				GCC_WARN_UNUSED_FUNCTION = YES;
				GCC_WARN_UNUSED_VARIABLE = YES;
				IPHONEOS_DEPLOYMENT_TARGET = 9.3;
				MTL_ENABLE_DEBUG_INFO = YES;
				ONLY_ACTIVE_ARCH = YES;
				SDKROOT = iphoneos;
				SWIFT_OPTIMIZATION_LEVEL = "-Onone";
				TARGETED_DEVICE_FAMILY = "1,2";
			};
			name = Debug;
		};
		3E74CEFB1E1EFDDE002D68ED /* Release */ = {
			isa = XCBuildConfiguration;
			buildSettings = {
				ALWAYS_SEARCH_USER_PATHS = NO;
				CLANG_ANALYZER_NONNULL = YES;
				CLANG_CXX_LANGUAGE_STANDARD = "gnu++0x";
				CLANG_CXX_LIBRARY = "libc++";
				CLANG_ENABLE_MODULES = YES;
				CLANG_ENABLE_OBJC_ARC = YES;
				CLANG_WARN_BOOL_CONVERSION = YES;
				CLANG_WARN_CONSTANT_CONVERSION = YES;
				CLANG_WARN_DIRECT_OBJC_ISA_USAGE = YES_ERROR;
				CLANG_WARN_EMPTY_BODY = YES;
				CLANG_WARN_ENUM_CONVERSION = YES;
				CLANG_WARN_INT_CONVERSION = YES;
				CLANG_WARN_OBJC_ROOT_CLASS = YES_ERROR;
				CLANG_WARN_UNREACHABLE_CODE = YES;
				CLANG_WARN__DUPLICATE_METHOD_MATCH = YES;
				"CODE_SIGN_IDENTITY[sdk=iphoneos*]" = "iPhone Developer";
				COPY_PHASE_STRIP = NO;
				DEBUG_INFORMATION_FORMAT = "dwarf-with-dsym";
				ENABLE_NS_ASSERTIONS = NO;
				ENABLE_STRICT_OBJC_MSGSEND = YES;
				GCC_C_LANGUAGE_STANDARD = gnu99;
				GCC_NO_COMMON_BLOCKS = YES;
				GCC_WARN_64_TO_32_BIT_CONVERSION = YES;
				GCC_WARN_ABOUT_RETURN_TYPE = YES_ERROR;
				GCC_WARN_UNDECLARED_SELECTOR = YES;
				GCC_WARN_UNINITIALIZED_AUTOS = YES_AGGRESSIVE;
				GCC_WARN_UNUSED_FUNCTION = YES;
				GCC_WARN_UNUSED_VARIABLE = YES;
				IPHONEOS_DEPLOYMENT_TARGET = 9.3;
				MTL_ENABLE_DEBUG_INFO = NO;
				SDKROOT = iphoneos;
				TARGETED_DEVICE_FAMILY = "1,2";
				VALIDATE_PRODUCT = YES;
			};
			name = Release;
		};
		3E74CEFD1E1EFDDE002D68ED /* Debug */ = {
			isa = XCBuildConfiguration;
			buildSettings = {
				ASSETCATALOG_COMPILER_APPICON_NAME = AppIcon;
				CODE_SIGN_IDENTITY = "iPhone Developer";
				INFOPLIST_FILE = Calculator/Info.plist;
				LD_RUNPATH_SEARCH_PATHS = "$(inherited) @executable_path/Frameworks";
				PRODUCT_BUNDLE_IDENTIFIER = com.example.Calculator;
				PRODUCT_NAME = "$(TARGET_NAME)";
			};
			name = Debug;
		};
		3E74CEFE1E1EFDDE002D68ED /* Release */ = {
			isa = XCBuildConfiguration;
			buildSettings = {
				ASSETCATALOG_COMPILER_APPICON_NAME = AppIcon;
				CODE_SIGN_IDENTITY = "iPhone Developer";
				INFOPLIST_FILE = Calculator/Info.plist;
				LD_RUNPATH_SEARCH_PATHS = "$(inherited) @executable_path/Frameworks";
				PRODUCT_BUNDLE_IDENTIFIER = com.example.Calculator;
				PRODUCT_NAME = "$(TARGET_NAME)";
			};
			name = Release;
		};
		3E74CF001E1EFDDE002D68ED /* Debug */ = {
			isa = XCBuildConfiguration;
			buildSettings = {
				BUNDLE_LOADER = "$(TEST_HOST)";
				INFOPLIST_FILE = CalculatorTests/Info.plist;
				LD_RUNPATH_SEARCH_PATHS = "$(inherited) @executable_path/Frameworks @loader_path/Frameworks";
				PRODUCT_BUNDLE_IDENTIFIER = com.example.CalculatorTests;
				PRODUCT_NAME = "$(TARGET_NAME)";
				TEST_HOST = "$(BUILT_PRODUCTS_DIR)/Calculator.app/Calculator";
			};
			name = Debug;
		};
		3E74CF011E1EFDDE002D68ED /* Release */ = {
			isa = XCBuildConfiguration;
			buildSettings = {
				BUNDLE_LOADER = "$(TEST_HOST)";
				INFOPLIST_FILE = CalculatorTests/Info.plist;
				LD_RUNPATH_SEARCH_PATHS = "$(inherited) @executable_path/Frameworks @loader_path/Frameworks";
				PRODUCT_BUNDLE_IDENTIFIER = com.example.CalculatorTests;
				PRODUCT_NAME = "$(TARGET_NAME)";
				TEST_HOST = "$(BUILT_PRODUCTS_DIR)/Calculator.app/Calculator";
			};
			name = Release;
		};
/* End XCBuildConfiguration section */

/* Begin XCConfigurationList section */
		3E74CEDA1E1EFDDE002D68ED /* Build configuration list for PBXProject "Calculator" */ = {
			isa = XCConfigurationList;
			buildConfigurations = (
				3E74CEFA1E1EFDDE002D68ED /* Debug */,
				3E74CEFB1E1EFDDE002D68ED /* Release */,
			);
			defaultConfigurationIsVisible = 0;
			defaultConfigurationName = Release;
		};
		3E74CEFC1E1EFDDE002D68ED /* Build configuration list for PBXNativeTarget "Calculator" */ = {
			isa = XCConfigurationList;
			buildConfigurations = (
				3E74CEFD1E1EFDDE002D68ED /* Debug */,
				3E74CEFE1E1EFDDE002D68ED /* Release */,
			);
			defaultConfigurationIsVisible = 0;
			defaultConfigurationName = Release;
		};
		3E74CEFF1E1EFDDE002D68ED /* Build configuration list for PBXNativeTarget "CalculatorTests" */ = {
			isa = XCConfigurationList;
			buildConfigurations = (
				3E74CF001E1EFDDE002D68ED /* Debug */,
				3E74CF011E1EFDDE002D68ED /* Release */,
			);
			defaultConfigurationIsVisible = 0;
			defaultConfigurationName = Release;
		};
/* End XCConfigurationList section */
	};
	rootObject = 3E74CED71E1EFDDE002D68ED /* Project object */;
}
